
Microsoft Visual Studio Solution File, Format Version 12.00
# Visual Studio Version 16
VisualStudioVersion = 16.0.28803.202
MinimumVisualStudioVersion = 10.0.40219.1
Project("{FAE04EC0-301F-11D3-BF4B-00C04F79EFBC}") = "API Security", "API Security\API Security.csproj", "{3B7FB6CE-D5FC-4F1E-9926-3875162DDDA1}"
EndProject
Global
	GlobalSection(SolutionConfigurationPlatforms) = preSolution
		Debug|Any CPU = Debug|Any CPU
		Release|Any CPU = Release|Any CPU
	EndGlobalSection
	GlobalSection(ProjectConfigurationPlatforms) = postSolution
		{3B7FB6CE-D5FC-4F1E-9926-3875162DDDA1}.Debug|Any CPU.ActiveCfg = Debug|Any CPU
		{3B7FB6CE-D5FC-4F1E-9926-3875162DDDA1}.Debug|Any CPU.Build.0 = Debug|Any CPU
		{3B7FB6CE-D5FC-4F1E-9926-3875162DDDA1}.Release|Any CPU.ActiveCfg = Release|Any CPU
		{3B7FB6CE-D5FC-4F1E-9926-3875162DDDA1}.Release|Any CPU.Build.0 = Release|Any CPU
	EndGlobalSection
	GlobalSection(SolutionProperties) = preSolution
		HideSolutionNode = FALSE
	EndGlobalSection
	GlobalSection(ExtensibilityGlobals) = postSolution
		SolutionGuid = {D439E26F-ED39-46F1-A058-962A356BAA3F}
	EndGlobalSection
EndGlobal
