
Microsoft Visual Studio Solution File, Format Version 12.00
# Visual Studio Version 16
VisualStudioVersion = 16.0.28803.202
MinimumVisualStudioVersion = 10.0.40219.1
Project("{FAE04EC0-301F-11D3-BF4B-00C04F79EFBC}") = "API SWagger", "API SWagger\API SWagger.csproj", "{57D8A657-C196-450E-B7E4-2D2A349BDBCE}"
EndProject
Project("{FAE04EC0-301F-11D3-BF4B-00C04F79EFBC}") = "API_V4", "API_V4\API_V4.csproj", "{7AFE3C9F-2A44-41F1-B8AB-E06713AE70D4}"
EndProject
Global
	GlobalSection(SolutionConfigurationPlatforms) = preSolution
		Debug|Any CPU = Debug|Any CPU
		Release|Any CPU = Release|Any CPU
	EndGlobalSection
	GlobalSection(ProjectConfigurationPlatforms) = postSolution
		{57D8A657-C196-450E-B7E4-2D2A349BDBCE}.Debug|Any CPU.ActiveCfg = Debug|Any CPU
		{57D8A657-C196-450E-B7E4-2D2A349BDBCE}.Debug|Any CPU.Build.0 = Debug|Any CPU
		{57D8A657-C196-450E-B7E4-2D2A349BDBCE}.Release|Any CPU.ActiveCfg = Release|Any CPU
		{57D8A657-C196-450E-B7E4-2D2A349BDBCE}.Release|Any CPU.Build.0 = Release|Any CPU
		{7AFE3C9F-2A44-41F1-B8AB-E06713AE70D4}.Debug|Any CPU.ActiveCfg = Debug|Any CPU
		{7AFE3C9F-2A44-41F1-B8AB-E06713AE70D4}.Debug|Any CPU.Build.0 = Debug|Any CPU
		{7AFE3C9F-2A44-41F1-B8AB-E06713AE70D4}.Release|Any CPU.ActiveCfg = Release|Any CPU
		{7AFE3C9F-2A44-41F1-B8AB-E06713AE70D4}.Release|Any CPU.Build.0 = Release|Any CPU
	EndGlobalSection
	GlobalSection(SolutionProperties) = preSolution
		HideSolutionNode = FALSE
	EndGlobalSection
	GlobalSection(ExtensibilityGlobals) = postSolution
		SolutionGuid = {39E574ED-2DED-459C-895D-BFBE0EDDD591}
	EndGlobalSection
EndGlobal
